
Microsoft Visual Studio Solution File, Format Version 12.00
Project("{FAE04EC0-301F-11D3-BF4B-00C04F79EFBC}") = "NServiceBus.Extensions.EndpointStarted", "NServiceBus.Extensions.EndpointStarted\NServiceBus.Extensions.EndpointStarted.csproj", "{B17F5DEA-8870-4848-B67B-D6665A9F3201}"
EndProject
Project("{FAE04EC0-301F-11D3-BF4B-00C04F79EFBC}") = "NServiceBus.Extensions.EndpointStarted.Tests", "NServiceBus.Extensions.EndpointStarted.Tests\NServiceBus.Extensions.EndpointStarted.Tests.csproj", "{D0E99C30-4F88-4E27-BDA3-42699A97A983}"
EndProject
Project("{FAE04EC0-301F-11D3-BF4B-00C04F79EFBC}") = "NServiceBus.Extensions.EndpointStarted.AcceptanceTests", "NServiceBus.Extensions.EndpointStarted.AcceptanceTests\NServiceBus.Extensions.EndpointStarted.AcceptanceTests.csproj", "{3BA08329-BD08-4A10-BA0D-724A5426BD4A}"
EndProject
Project("{FAE04EC0-301F-11D3-BF4B-00C04F79EFBC}") = "SampleUsingGenericHosting", "SampleUsingGenericHosting\SampleUsingGenericHosting.csproj", "{C37F7095-EB96-4D46-9557-3421D9C87720}"
EndProject
Global
	GlobalSection(SolutionConfigurationPlatforms) = preSolution
		Debug|Any CPU = Debug|Any CPU
		Release|Any CPU = Release|Any CPU
	EndGlobalSection
	GlobalSection(ProjectConfigurationPlatforms) = postSolution
		{B17F5DEA-8870-4848-B67B-D6665A9F3201}.Debug|Any CPU.ActiveCfg = Debug|Any CPU
		{B17F5DEA-8870-4848-B67B-D6665A9F3201}.Debug|Any CPU.Build.0 = Debug|Any CPU
		{B17F5DEA-8870-4848-B67B-D6665A9F3201}.Release|Any CPU.ActiveCfg = Release|Any CPU
		{B17F5DEA-8870-4848-B67B-D6665A9F3201}.Release|Any CPU.Build.0 = Release|Any CPU
		{D0E99C30-4F88-4E27-BDA3-42699A97A983}.Debug|Any CPU.ActiveCfg = Debug|Any CPU
		{D0E99C30-4F88-4E27-BDA3-42699A97A983}.Debug|Any CPU.Build.0 = Debug|Any CPU
		{D0E99C30-4F88-4E27-BDA3-42699A97A983}.Release|Any CPU.ActiveCfg = Release|Any CPU
		{D0E99C30-4F88-4E27-BDA3-42699A97A983}.Release|Any CPU.Build.0 = Release|Any CPU
		{3BA08329-BD08-4A10-BA0D-724A5426BD4A}.Debug|Any CPU.ActiveCfg = Debug|Any CPU
		{3BA08329-BD08-4A10-BA0D-724A5426BD4A}.Debug|Any CPU.Build.0 = Debug|Any CPU
		{3BA08329-BD08-4A10-BA0D-724A5426BD4A}.Release|Any CPU.ActiveCfg = Release|Any CPU
		{3BA08329-BD08-4A10-BA0D-724A5426BD4A}.Release|Any CPU.Build.0 = Release|Any CPU
		{C37F7095-EB96-4D46-9557-3421D9C87720}.Debug|Any CPU.ActiveCfg = Debug|Any CPU
		{C37F7095-EB96-4D46-9557-3421D9C87720}.Debug|Any CPU.Build.0 = Debug|Any CPU
		{C37F7095-EB96-4D46-9557-3421D9C87720}.Release|Any CPU.ActiveCfg = Release|Any CPU
		{C37F7095-EB96-4D46-9557-3421D9C87720}.Release|Any CPU.Build.0 = Release|Any CPU
	EndGlobalSection
EndGlobal
